
Microsoft Visual Studio Solution File, Format Version 12.00
# Visual Studio 14
VisualStudioVersion = 14.0.25420.1
MinimumVisualStudioVersion = 10.0.40219.1
Project("{FAE04EC0-301F-11D3-BF4B-00C04F79EFBC}") = "M2MqttAkkaNet", "M2MqttAkkaNet\M2MqttAkkaNet.csproj", "{E8A04A91-F5A7-421F-9BF3-68DF398A8F3B}"
EndProject
Project("{FAE04EC0-301F-11D3-BF4B-00C04F79EFBC}") = "M2MMqttClient", "M2MMqttClient\M2MMqttClient.csproj", "{71AE9A99-E563-40C8-A5EB-FAF2AAB99B8A}"
EndProject
Project("{FAE04EC0-301F-11D3-BF4B-00C04F79EFBC}") = "M2MqttAkkaNet.Client", "M2MqttAkkaNet.Client\M2MqttAkkaNet.Client.csproj", "{5BDB58FD-024F-47B9-A68A-514847163CFA}"
EndProject
Project("{FAE04EC0-301F-11D3-BF4B-00C04F79EFBC}") = "Paho.MQTT.Client.Js", "Paho.MQTT.Client,Js\Paho.MQTT.Client.Js.csproj", "{8A4C62ED-FB67-4360-881C-A87C28648284}"
EndProject
Global
	GlobalSection(SolutionConfigurationPlatforms) = preSolution
		Debug|Any CPU = Debug|Any CPU
		Release|Any CPU = Release|Any CPU
	EndGlobalSection
	GlobalSection(ProjectConfigurationPlatforms) = postSolution
		{E8A04A91-F5A7-421F-9BF3-68DF398A8F3B}.Debug|Any CPU.ActiveCfg = Debug|Any CPU
		{E8A04A91-F5A7-421F-9BF3-68DF398A8F3B}.Debug|Any CPU.Build.0 = Debug|Any CPU
		{E8A04A91-F5A7-421F-9BF3-68DF398A8F3B}.Release|Any CPU.ActiveCfg = Release|Any CPU
		{E8A04A91-F5A7-421F-9BF3-68DF398A8F3B}.Release|Any CPU.Build.0 = Release|Any CPU
		{71AE9A99-E563-40C8-A5EB-FAF2AAB99B8A}.Debug|Any CPU.ActiveCfg = Debug|Any CPU
		{71AE9A99-E563-40C8-A5EB-FAF2AAB99B8A}.Debug|Any CPU.Build.0 = Debug|Any CPU
		{71AE9A99-E563-40C8-A5EB-FAF2AAB99B8A}.Release|Any CPU.ActiveCfg = Release|Any CPU
		{71AE9A99-E563-40C8-A5EB-FAF2AAB99B8A}.Release|Any CPU.Build.0 = Release|Any CPU
		{5BDB58FD-024F-47B9-A68A-514847163CFA}.Debug|Any CPU.ActiveCfg = Debug|Any CPU
		{5BDB58FD-024F-47B9-A68A-514847163CFA}.Debug|Any CPU.Build.0 = Debug|Any CPU
		{5BDB58FD-024F-47B9-A68A-514847163CFA}.Release|Any CPU.ActiveCfg = Release|Any CPU
		{5BDB58FD-024F-47B9-A68A-514847163CFA}.Release|Any CPU.Build.0 = Release|Any CPU
		{8A4C62ED-FB67-4360-881C-A87C28648284}.Debug|Any CPU.ActiveCfg = Debug|Any CPU
		{8A4C62ED-FB67-4360-881C-A87C28648284}.Debug|Any CPU.Build.0 = Debug|Any CPU
		{8A4C62ED-FB67-4360-881C-A87C28648284}.Release|Any CPU.ActiveCfg = Release|Any CPU
		{8A4C62ED-FB67-4360-881C-A87C28648284}.Release|Any CPU.Build.0 = Release|Any CPU
	EndGlobalSection
	GlobalSection(SolutionProperties) = preSolution
		HideSolutionNode = FALSE
	EndGlobalSection
EndGlobal
